
Microsoft Visual Studio Solution File, Format Version 12.00
# Visual Studio 15
VisualStudioVersion = 15.0.27703.2026
MinimumVisualStudioVersion = 10.0.40219.1
Project("{FAE04EC0-301F-11D3-BF4B-00C04F79EFBC}") = "Tetris", "Tetris\Tetris.csproj", "{371616DD-7660-44C1-BF13-9107E27F0F69}"
EndProject
Global
	GlobalSection(SolutionConfigurationPlatforms) = preSolution
		Debug|Any CPU = Debug|Any CPU
		Release|Any CPU = Release|Any CPU
	EndGlobalSection
	GlobalSection(ProjectConfigurationPlatforms) = postSolution
		{371616DD-7660-44C1-BF13-9107E27F0F69}.Debug|Any CPU.ActiveCfg = Debug|Any CPU
		{371616DD-7660-44C1-BF13-9107E27F0F69}.Debug|Any CPU.Build.0 = Debug|Any CPU
		{371616DD-7660-44C1-BF13-9107E27F0F69}.Release|Any CPU.ActiveCfg = Release|Any CPU
		{371616DD-7660-44C1-BF13-9107E27F0F69}.Release|Any CPU.Build.0 = Release|Any CPU
	EndGlobalSection
	GlobalSection(SolutionProperties) = preSolution
		HideSolutionNode = FALSE
	EndGlobalSection
	GlobalSection(ExtensibilityGlobals) = postSolution
		SolutionGuid = {33D7D1D0-9FA7-437E-8BEC-9B347B8EB4EB}
	EndGlobalSection
EndGlobal
